// !$*UTF8*$!
{
	archiveVersion = 1;
	classes = {
	};
	objectVersion = 46;
	objects = {

/* Begin PBXBuildFile section */
		FA4522621F14BE1E0004790B /* main.m in Sources */ = {isa = PBXBuildFile; fileRef = FA4522611F14BE1E0004790B /* main.m */; };
		FA4522651F14BE1E0004790B /* AppDelegate.m in Sources */ = {isa = PBXBuildFile; fileRef = FA4522641F14BE1E0004790B /* AppDelegate.m */; };
		FA4522681F14BE1E0004790B /* ViewController.m in Sources */ = {isa = PBXBuildFile; fileRef = FA4522671F14BE1E0004790B /* ViewController.m */; };
		FA45226B1F14BE1E0004790B /* Main.storyboard in Resources */ = {isa = PBXBuildFile; fileRef = FA4522691F14BE1E0004790B /* Main.storyboard */; };
		FA45226D1F14BE1E0004790B /* Assets.xcassets in Resources */ = {isa = PBXBuildFile; fileRef = FA45226C1F14BE1E0004790B /* Assets.xcassets */; };
		FA4522701F14BE1E0004790B /* LaunchScreen.storyboard in Resources */ = {isa = PBXBuildFile; fileRef = FA45226E1F14BE1E0004790B /* LaunchScreen.storyboard */; };
/* End PBXBuildFile section */

/* Begin PBXFileReference section */
		FA45225D1F14BE1E0004790B /* CJBorderViewExample.app */ = {isa = PBXFileReference; explicitFileType = wrapper.application; includeInIndex = 0; path = CJBorderViewExample.app; sourceTree = BUILT_PRODUCTS_DIR; };
		FA4522611F14BE1E0004790B /* main.m */ = {isa = PBXFileReference; lastKnownFileType = sourcecode.c.objc; path = main.m; sourceTree = "<group>"; };
		FA4522631F14BE1E0004790B /* AppDelegate.h */ = {isa = PBXFileReference; lastKnownFileType = sourcecode.c.h; path = AppDelegate.h; sourceTree = "<group>"; };
		FA4522641F14BE1E0004790B /* AppDelegate.m */ = {isa = PBXFileReference; lastKnownFileType = sourcecode.c.objc; path = AppDelegate.m; sourceTree = "<group>"; };
		FA4522661F14BE1E0004790B /* ViewController.h */ = {isa = PBXFileReference; lastKnownFileType = sourcecode.c.h; path = ViewController.h; sourceTree = "<group>"; };
		FA4522671F14BE1E0004790B /* ViewController.m */ = {isa = PBXFileReference; lastKnownFileType = sourcecode.c.objc; path = ViewController.m; sourceTree = "<group>"; };
		FA45226A1F14BE1E0004790B /* Base */ = {isa = PBXFileReference; lastKnownFileType = file.storyboard; name = Base; path = Base.lproj/Main.storyboard; sourceTree = "<group>"; };
		FA45226C1F14BE1E0004790B /* Assets.xcassets */ = {isa = PBXFileReference; lastKnownFileType = folder.assetcatalog; path = Assets.xcassets; sourceTree = "<group>"; };
		FA45226F1F14BE1E0004790B /* Base */ = {isa = PBXFileReference; lastKnownFileType = file.storyboard; name = Base; path = Base.lproj/LaunchScreen.storyboard; sourceTree = "<group>"; };
		FA4522711F14BE1E0004790B /* Info.plist */ = {isa = PBXFileReference; lastKnownFileType = text.plist.xml; path = Info.plist; sourceTree = "<group>"; };
/* End PBXFileReference section */

/* Begin PBXFrameworksBuildPhase section */
		FA45225A1F14BE1E0004790B /* Frameworks */ = {
			isa = PBXFrameworksBuildPhase;
			buildActionMask = 2147483647;
			files = (
			);
			runOnlyForDeploymentPostprocessing = 0;
		};
/* End PBXFrameworksBuildPhase section */

/* Begin PBXGroup section */
		FA4522541F14BE1E0004790B = {
			isa = PBXGroup;
			children = (
				FA45225F1F14BE1E0004790B /* CJBorderViewExample */,
				FA45225E1F14BE1E0004790B /* Products */,
			);
			sourceTree = "<group>";
		};
		FA45225E1F14BE1E0004790B /* Products */ = {
			isa = PBXGroup;
			children = (
				FA45225D1F14BE1E0004790B /* CJBorderViewExample.app */,
			);
			name = Products;
			sourceTree = "<group>";
		};
		FA45225F1F14BE1E0004790B /* CJBorderViewExample */ = {
			isa = PBXGroup;
			children = (
				FA4522631F14BE1E0004790B /* AppDelegate.h */,
				FA4522641F14BE1E0004790B /* AppDelegate.m */,
				FA4522661F14BE1E0004790B /* ViewController.h */,
				FA4522671F14BE1E0004790B /* ViewController.m */,
				FA4522691F14BE1E0004790B /* Main.storyboard */,
				FA45226C1F14BE1E0004790B /* Assets.xcassets */,
				FA45226E1F14BE1E0004790B /* LaunchScreen.storyboard */,
				FA4522711F14BE1E0004790B /* Info.plist */,
				FA4522601F14BE1E0004790B /* Supporting Files */,
			);
			path = CJBorderViewExample;
			sourceTree = "<group>";
		};
		FA4522601F14BE1E0004790B /* Supporting Files */ = {
			isa = PBXGroup;
			children = (
				FA4522611F14BE1E0004790B /* main.m */,
			);
			name = "Supporting Files";
			sourceTree = "<group>";
		};
/* End PBXGroup section */

/* Begin PBXNativeTarget section */
		FA45225C1F14BE1E0004790B /* CJBorderViewExample */ = {
			isa = PBXNativeTarget;
			buildConfigurationList = FA4522741F14BE1E0004790B /* Build configuration list for PBXNativeTarget "CJBorderViewExample" */;
			buildPhases = (
				FA4522591F14BE1E0004790B /* Sources */,
				FA45225A1F14BE1E0004790B /* Frameworks */,
				FA45225B1F14BE1E0004790B /* Resources */,
			);
			buildRules = (
			);
			dependencies = (
			);
			name = CJBorderViewExample;
			productName = CJBorderViewExample;
			productReference = FA45225D1F14BE1E0004790B /* CJBorderViewExample.app */;
			productType = "com.apple.product-type.application";
		};
/* End PBXNativeTarget section */

/* Begin PBXProject section */
		FA4522551F14BE1E0004790B /* Project object */ = {
			isa = PBXProject;
			attributes = {
				LastUpgradeCheck = 0830;
				ORGANIZATIONNAME = zwu;
				TargetAttributes = {
					FA45225C1F14BE1E0004790B = {
						CreatedOnToolsVersion = 8.3;
						DevelopmentTeam = LQB76773LR;
						ProvisioningStyle = Automatic;
					};
				};
			};
			buildConfigurationList = FA4522581F14BE1E0004790B /* Build configuration list for PBXProject "CJBorderViewExample" */;
			compatibilityVersion = "Xcode 3.2";
			developmentRegion = English;
			hasScannedForEncodings = 0;
			knownRegions = (
				en,
				Base,
			);
			mainGroup = FA4522541F14BE1E0004790B;
			productRefGroup = FA45225E1F14BE1E0004790B /* Products */;
			projectDirPath = "";
			projectRoot = "";
			targets = (
				FA45225C1F14BE1E0004790B /* CJBorderViewExample */,
			);
		};
/* End PBXProject section */

/* Begin PBXResourcesBuildPhase section */
		FA45225B1F14BE1E0004790B /* Resources */ = {
			isa = PBXResourcesBuildPhase;
			buildActionMask = 2147483647;
			files = (
				FA4522701F14BE1E0004790B /* LaunchScreen.storyboard in Resources */,
				FA45226D1F14BE1E0004790B /* Assets.xcassets in Resources */,
				FA45226B1F14BE1E0004790B /* Main.storyboard in Resources */,
			);
			runOnlyForDeploymentPostprocessing = 0;
		};
/* End PBXResourcesBuildPhase section */

/* Begin PBXSourcesBuildPhase section */
		FA4522591F14BE1E0004790B /* Sources */ = {
			isa = PBXSourcesBuildPhase;
			buildActionMask = 2147483647;
			files = (
				FA4522681F14BE1E0004790B /* ViewController.m in Sources */,
				FA4522651F14BE1E0004790B /* AppDelegate.m in Sources */,
				FA4522621F14BE1E0004790B /* main.m in Sources */,
			);
			runOnlyForDeploymentPostprocessing = 0;
		};
/* End PBXSourcesBuildPhase section */

/* Begin PBXVariantGroup section */
		FA4522691F14BE1E0004790B /* Main.storyboard */ = {
			isa = PBXVariantGroup;
			children = (
				FA45226A1F14BE1E0004790B /* Base */,
			);
			name = Main.storyboard;
			sourceTree = "<group>";
		};
		FA45226E1F14BE1E0004790B /* LaunchScreen.storyboard */ = {
			isa = PBXVariantGroup;
			children = (
				FA45226F1F14BE1E0004790B /* Base */,
			);
			name = LaunchScreen.storyboard;
			sourceTree = "<group>";
		};
/* End PBXVariantGroup section */

/* Begin XCBuildConfiguration section */
		FA4522721F14BE1E0004790B /* Debug */ = {
			isa = XCBuildConfiguration;
			buildSettings = {
				ALWAYS_SEARCH_USER_PATHS = NO;
				CLANG_ANALYZER_NONNULL = YES;
				CLANG_ANALYZER_NUMBER_OBJECT_CONVERSION = YES_AGGRESSIVE;
				CLANG_CXX_LANGUAGE_STANDARD = "gnu++0x";
				CLANG_CXX_LIBRARY = "libc++";
				CLANG_ENABLE_MODULES = YES;
				CLANG_ENABLE_OBJC_ARC = YES;
				CLANG_WARN_BOOL_CONVERSION = YES;
				CLANG_WARN_CONSTANT_CONVERSION = YES;
				CLANG_WARN_DIRECT_OBJC_ISA_USAGE = YES_ERROR;
				CLANG_WARN_DOCUMENTATION_COMMENTS = YES;
				CLANG_WARN_EMPTY_BODY = YES;
				CLANG_WARN_ENUM_CONVERSION = YES;
				CLANG_WARN_INFINITE_RECURSION = YES;
				CLANG_WARN_INT_CONVERSION = YES;
				CLANG_WARN_OBJC_ROOT_CLASS = YES_ERROR;
				CLANG_WARN_SUSPICIOUS_MOVE = YES;
				CLANG_WARN_UNREACHABLE_CODE = YES;
				CLANG_WARN__DUPLICATE_METHOD_MATCH = YES;
				"CODE_SIGN_IDENTITY[sdk=iphoneos*]" = "iPhone Developer";
				COPY_PHASE_STRIP = NO;
				DEBUG_INFORMATION_FORMAT = dwarf;
				ENABLE_STRICT_OBJC_MSGSEND = YES;
				ENABLE_TESTABILITY = YES;
				GCC_C_LANGUAGE_STANDARD = gnu99;
				GCC_DYNAMIC_NO_PIC = NO;
				GCC_NO_COMMON_BLOCKS = YES;
				GCC_OPTIMIZATION_LEVEL = 0;
				GCC_PREPROCESSOR_DEFINITIONS = (
					"DEBUG=1",
					"$(inherited)",
				);
				GCC_WARN_64_TO_32_BIT_CONVERSION = YES;
				GCC_WARN_ABOUT_RETURN_TYPE = YES_ERROR;
				GCC_WARN_UNDECLARED_SELECTOR = YES;
				GCC_WARN_UNINITIALIZED_AUTOS = YES_AGGRESSIVE;
				GCC_WARN_UNUSED_FUNCTION = YES;
				GCC_WARN_UNUSED_VARIABLE = YES;
				IPHONEOS_DEPLOYMENT_TARGET = 10.3;
				MTL_ENABLE_DEBUG_INFO = YES;
				ONLY_ACTIVE_ARCH = YES;
				SDKROOT = iphoneos;
			};
			name = Debug;
		};
		FA4522731F14BE1E0004790B /* Release */ = {
			isa = XCBuildConfiguration;
			buildSettings = {
				ALWAYS_SEARCH_USER_PATHS = NO;
				CLANG_ANALYZER_NONNULL = YES;
				CLANG_ANALYZER_NUMBER_OBJECT_CONVERSION = YES_AGGRESSIVE;
				CLANG_CXX_LANGUAGE_STANDARD = "gnu++0x";
				CLANG_CXX_LIBRARY = "libc++";
				CLANG_ENABLE_MODULES = YES;
				CLANG_ENABLE_OBJC_ARC = YES;
				CLANG_WARN_BOOL_CONVERSION = YES;
				CLANG_WARN_CONSTANT_CONVERSION = YES;
				CLANG_WARN_DIRECT_OBJC_ISA_USAGE = YES_ERROR;
				CLANG_WARN_DOCUMENTATION_COMMENTS = YES;
				CLANG_WARN_EMPTY_BODY = YES;
				CLANG_WARN_ENUM_CONVERSION = YES;
				CLANG_WARN_INFINITE_RECURSION = YES;
				CLANG_WARN_INT_CONVERSION = YES;
				CLANG_WARN_OBJC_ROOT_CLASS = YES_ERROR;
				CLANG_WARN_SUSPICIOUS_MOVE = YES;
				CLANG_WARN_UNREACHABLE_CODE = YES;
				CLANG_WARN__DUPLICATE_METHOD_MATCH = YES;
				"CODE_SIGN_IDENTITY[sdk=iphoneos*]" = "iPhone Developer";
				COPY_PHASE_STRIP = NO;
				DEBUG_INFORMATION_FORMAT = "dwarf-with-dsym";
				ENABLE_NS_ASSERTIONS = NO;
				ENABLE_STRICT_OBJC_MSGSEND = YES;
				GCC_C_LANGUAGE_STANDARD = gnu99;
				GCC_NO_COMMON_BLOCKS = YES;
				GCC_WARN_64_TO_32_BIT_CONVERSION = YES;
				GCC_WARN_ABOUT_RETURN_TYPE = YES_ERROR;
				GCC_WARN_UNDECLARED_SELECTOR = YES;
				GCC_WARN_UNINITIALIZED_AUTOS = YES_AGGRESSIVE;
				GCC_WARN_UNUSED_FUNCTION = YES;
				GCC_WARN_UNUSED_VARIABLE = YES;
				IPHONEOS_DEPLOYMENT_TARGET = 10.3;
				MTL_ENABLE_DEBUG_INFO = NO;
				SDKROOT = iphoneos;
				VALIDATE_PRODUCT = YES;
			};
			name = Release;
		};
		FA4522751F14BE1E0004790B /* Debug */ = {
			isa = XCBuildConfiguration;
			buildSettings = {
				ASSETCATALOG_COMPILER_APPICON_NAME = AppIcon;
				DEVELOPMENT_TEAM = LQB76773LR;
				INFOPLIST_FILE = CJBorderViewExample/Info.plist;
				LD_RUNPATH_SEARCH_PATHS = "$(inherited) @executable_path/Frameworks";
				PRODUCT_BUNDLE_IDENTIFIER = cn.ChenJun.CJBorderViewExample;
				PRODUCT_NAME = "$(TARGET_NAME)";
			};
			name = Debug;
		};
		FA4522761F14BE1E0004790B /* Release */ = {
			isa = XCBuildConfiguration;
			buildSettings = {
				ASSETCATALOG_COMPILER_APPICON_NAME = AppIcon;
				DEVELOPMENT_TEAM = LQB76773LR;
				INFOPLIST_FILE = CJBorderViewExample/Info.plist;
				LD_RUNPATH_SEARCH_PATHS = "$(inherited) @executable_path/Frameworks";
				PRODUCT_BUNDLE_IDENTIFIER = cn.ChenJun.CJBorderViewExample;
				PRODUCT_NAME = "$(TARGET_NAME)";
			};
			name = Release;
		};
/* End XCBuildConfiguration section */

/* Begin XCConfigurationList section */
		FA4522581F14BE1E0004790B /* Build configuration list for PBXProject "CJBorderViewExample" */ = {
			isa = XCConfigurationList;
			buildConfigurations = (
				FA4522721F14BE1E0004790B /* Debug */,
				FA4522731F14BE1E0004790B /* Release */,
			);
			defaultConfigurationIsVisible = 0;
			defaultConfigurationName = Release;
		};
		FA4522741F14BE1E0004790B /* Build configuration list for PBXNativeTarget "CJBorderViewExample" */ = {
			isa = XCConfigurationList;
			buildConfigurations = (
				FA4522751F14BE1E0004790B /* Debug */,
				FA4522761F14BE1E0004790B /* Release */,
			);
			defaultConfigurationIsVisible = 0;
		};
/* End XCConfigurationList section */
	};
	rootObject = FA4522551F14BE1E0004790B /* Project object */;
}
